
Microsoft Visual Studio Solution File, Format Version 12.00
# Visual Studio Version 16
VisualStudioVersion = 16.0.32413.511
MinimumVisualStudioVersion = 10.0.40219.1
Project("{9A19103F-16F7-4668-BE54-9A1E7A4F7556}") = "Grupo_Beira_Mar_Web_Application", "Grupo_Beira_Mar_Web_Application\Grupo_Beira_Mar_Web_Application.csproj", "{DBA9F5F8-29E8-4A6C-9683-AE7A6C0BFA56}"
EndProject
Global
	GlobalSection(SolutionConfigurationPlatforms) = preSolution
		Debug|Any CPU = Debug|Any CPU
		Release|Any CPU = Release|Any CPU
	EndGlobalSection
	GlobalSection(ProjectConfigurationPlatforms) = postSolution
		{DBA9F5F8-29E8-4A6C-9683-AE7A6C0BFA56}.Debug|Any CPU.ActiveCfg = Debug|Any CPU
		{DBA9F5F8-29E8-4A6C-9683-AE7A6C0BFA56}.Debug|Any CPU.Build.0 = Debug|Any CPU
		{DBA9F5F8-29E8-4A6C-9683-AE7A6C0BFA56}.Release|Any CPU.ActiveCfg = Release|Any CPU
		{DBA9F5F8-29E8-4A6C-9683-AE7A6C0BFA56}.Release|Any CPU.Build.0 = Release|Any CPU
	EndGlobalSection
	GlobalSection(SolutionProperties) = preSolution
		HideSolutionNode = FALSE
	EndGlobalSection
	GlobalSection(ExtensibilityGlobals) = postSolution
		SolutionGuid = {439A00D1-C86D-44AE-9EA7-FE6CC33407F4}
	EndGlobalSection
EndGlobal
